
Microsoft Visual Studio Solution File, Format Version 12.00
# Visual Studio 15
VisualStudioVersion = 15.0.28307.902
MinimumVisualStudioVersion = 10.0.40219.1
Project("{FAE04EC0-301F-11D3-BF4B-00C04F79EFBC}") = "IIS", "IIS\IIS.csproj", "{14DEBC61-7A22-45E0-888F-2793FAEA59D2}"
EndProject
Project("{00D1A9C2-B5F0-4AF3-8072-F6C62B433612}") = "SQLDatabase1", "SQLDatabase1\SQLDatabase1.sqlproj", "{EF1FC91B-227A-4FBE-B80F-23A82179585D}"
EndProject
Global
	GlobalSection(SolutionConfigurationPlatforms) = preSolution
		Debug|Any CPU = Debug|Any CPU
		Release|Any CPU = Release|Any CPU
	EndGlobalSection
	GlobalSection(ProjectConfigurationPlatforms) = postSolution
		{14DEBC61-7A22-45E0-888F-2793FAEA59D2}.Debug|Any CPU.ActiveCfg = Debug|Any CPU
		{14DEBC61-7A22-45E0-888F-2793FAEA59D2}.Debug|Any CPU.Build.0 = Debug|Any CPU
		{14DEBC61-7A22-45E0-888F-2793FAEA59D2}.Release|Any CPU.ActiveCfg = Release|Any CPU
		{14DEBC61-7A22-45E0-888F-2793FAEA59D2}.Release|Any CPU.Build.0 = Release|Any CPU
		{EF1FC91B-227A-4FBE-B80F-23A82179585D}.Debug|Any CPU.ActiveCfg = Debug|Any CPU
		{EF1FC91B-227A-4FBE-B80F-23A82179585D}.Debug|Any CPU.Build.0 = Debug|Any CPU
		{EF1FC91B-227A-4FBE-B80F-23A82179585D}.Debug|Any CPU.Deploy.0 = Debug|Any CPU
		{EF1FC91B-227A-4FBE-B80F-23A82179585D}.Release|Any CPU.ActiveCfg = Release|Any CPU
		{EF1FC91B-227A-4FBE-B80F-23A82179585D}.Release|Any CPU.Build.0 = Release|Any CPU
		{EF1FC91B-227A-4FBE-B80F-23A82179585D}.Release|Any CPU.Deploy.0 = Release|Any CPU
	EndGlobalSection
	GlobalSection(SolutionProperties) = preSolution
		HideSolutionNode = FALSE
	EndGlobalSection
	GlobalSection(ExtensibilityGlobals) = postSolution
		SolutionGuid = {F1095F73-AAEE-47A3-8A70-C92F67E7DC17}
	EndGlobalSection
EndGlobal
